	<Project xmlns="http://schemas.microsoft.com/developer/msbuild/2003">
		<PropertyGroup>
			<ProjectGuid>{F47A6626-5EBC-4118-8897-188D5409E57A}</ProjectGuid>
			<ProjectVersion>12.3</ProjectVersion>
			<MainSource>MSC_Demo.dpr</MainSource>
			<Config Condition="'$(Config)'==''">Debug</Config>
			<DCC_DCCCompiler>DCC32</DCC_DCCCompiler>
			<Base>True</Base>
			<Platform>Win32</Platform>
			<AppType>Application</AppType>
			<FrameworkType>VCL</FrameworkType>
		</PropertyGroup>
		<PropertyGroup Condition="'$(Config)'=='Base' or '$(Base)'!=''">
			<Base>true</Base>
		</PropertyGroup>
		<PropertyGroup Condition="'$(Config)'=='Release' or '$(Cfg_1)'!=''">
			<Cfg_1>true</Cfg_1>
			<CfgParent>Base</CfgParent>
			<Base>true</Base>
		</PropertyGroup>
		<PropertyGroup Condition="'$(Config)'=='Debug' or '$(Cfg_2)'!=''">
			<Cfg_2>true</Cfg_2>
			<CfgParent>Base</CfgParent>
			<Base>true</Base>
		</PropertyGroup>
		<PropertyGroup Condition="'$(Base)'!=''">
			<ImageDebugInfo>true</ImageDebugInfo>
			<DCC_DebugInfoInExe>true</DCC_DebugInfoInExe>
			<DCC_DebugDCUs>true</DCC_DebugDCUs>
			<DCC_DependencyCheckOutputName>MSC_Demo.exe</DCC_DependencyCheckOutputName>
			<DCC_UnitAlias>WinTypes=Windows;WinProcs=Windows;DbiTypes=BDE;DbiProcs=BDE;DbiErrs=BDE;$(DCC_UnitAlias)</DCC_UnitAlias>
			<DCC_UsePackage>vclx;vcl;dbrtl;Rave76VCL;bdertl;rtl;vclactnband;vcldb;vcldbx;dsnap;dsnapcon;TeeUI;TeeDB;Tee;adortl;vclib;ibxpress;IndyCore;IndySystem;IndyProtocols;xmlrtl;inet;intrawebdb_100_120;Intraweb_100_120;VclSmp;vclie;websnap;webdsnap;inetdbbde;inetdbxpress;soaprtl;DbxCommonDriver;DbxClientDriver;DBXInterBaseDriver;DBXMySQLDriver;dbexpress;dbxcds</DCC_UsePackage>
			<DCC_BplOutput>$(MUSOFT_PACKAGES)</DCC_BplOutput>
			<DCC_RangeChecking>true</DCC_RangeChecking>
			<DCC_DcpOutput>$(MUSOFT_PACKAGES)</DCC_DcpOutput>
			<DCC_IntegerOverflowCheck>true</DCC_IntegerOverflowCheck>
			<DCC_DcuOutput>$(TEMP)</DCC_DcuOutput>
			<DCC_ImageBase>00400000</DCC_ImageBase>
			<DCC_Platform>x86</DCC_Platform>
			<DCC_Optimize>false</DCC_Optimize>
		</PropertyGroup>
		<PropertyGroup Condition="'$(Cfg_1)'!=''">
			<DCC_LocalDebugSymbols>false</DCC_LocalDebugSymbols>
			<DCC_Define>RELEASE;$(DCC_Define)</DCC_Define>
			<DCC_SymbolReferenceInfo>0</DCC_SymbolReferenceInfo>
			<DCC_DebugInformation>false</DCC_DebugInformation>
		</PropertyGroup>
		<PropertyGroup Condition="'$(Cfg_2)'!=''">
			<DCC_Define>DEBUG;$(DCC_Define)</DCC_Define>
		</PropertyGroup>
		<ItemGroup>
			<DelphiCompile Include="MSC_Demo.dpr">
				<MainSource>MainSource</MainSource>
			</DelphiCompile>
			<DCCReference Include="Demo_Controller_View.pas"/>
			<DCCReference Include="Demo_Main.pas">
				<Form>Demo_Form</Form>
			</DCCReference>
			<DCCReference Include="Demo_Resources_View.pas"/>
			<DCCReference Include="Demo_Slider.pas">
				<Form>Component_Slider</Form>
				<DesignClass>TFrame</DesignClass>
			</DCCReference>
			<DCCReference Include="MSC_Circular_Buffer.pas"/>
			<DCCReference Include="MSC_Component.pas"/>
			<DCCReference Include="MSC_Container.pas"/>
			<DCCReference Include="MSC_Controllers.pas"/>
			<DCCReference Include="MSC_Definitions.pas"/>
			<DCCReference Include="MSC_Delphi_MIDI_Callback.pas"/>
			<DCCReference Include="MSC_Device.pas"/>
			<DCCReference Include="MSC_In_Device.pas"/>
			<DCCReference Include="MSC_In_File.pas"/>
			<DCCReference Include="MSC_Out_Device.pas"/>
			<DCCReference Include="MSC_Out_File.pas"/>
			<DCCReference Include="MSC_Player.pas"/>
			<DCCReference Include="MSC_Recorder.pas"/>
			<DCCReference Include="MSC_Resources.pas"/>
			<DCCReference Include="MSC_Sequencer.pas"/>
			<DCCReference Include="MSC_Timer.pas"/>
			<DCCReference Include="MSC_View_Base.pas">
				<Form>View_Base</Form>
				<DesignClass>TFrame</DesignClass>
			</DCCReference>
			<DCCReference Include="MSC_View_Piano_Roll.pas">
				<Form>View_Piano_Roll</Form>
				<DesignClass>TFrame</DesignClass>
			</DCCReference>
			<DCCReference Include="MSC_View_Events.pas">
				<Form>View_Events</Form>
				<DesignClass>TFrame</DesignClass>
			</DCCReference>
			<DCCReference Include="MSC_View_Slider.pas">
				<Form>View_Slider</Form>
				<DesignClass>TFrame</DesignClass>
			</DCCReference>
			<DCCReference Include="Publish_Subscribe.pas"/>
			<DCCReference Include="utilities_logging.pas"/>
			<DCCReference Include="utilities_math.pas"/>
			<BuildConfiguration Include="Debug">
				<Key>Cfg_2</Key>
				<CfgParent>Base</CfgParent>
			</BuildConfiguration>
			<BuildConfiguration Include="Base">
				<Key>Base</Key>
			</BuildConfiguration>
			<BuildConfiguration Include="Release">
				<Key>Cfg_1</Key>
				<CfgParent>Base</CfgParent>
			</BuildConfiguration>
		</ItemGroup>
		<Import Condition="Exists('$(BDS)\Bin\CodeGear.Delphi.Targets')" Project="$(BDS)\Bin\CodeGear.Delphi.Targets"/>
		<Import Condition="Exists('$(APPDATA)\Embarcadero\$(BDSAPPDATABASEDIR)\$(PRODUCTVERSION)\UserTools.proj')" Project="$(APPDATA)\Embarcadero\$(BDSAPPDATABASEDIR)\$(PRODUCTVERSION)\UserTools.proj"/>
		<ProjectExtensions>
			<Borland.Personality>Delphi.Personality.12</Borland.Personality>
			<Borland.ProjectType/>
			<BorlandProject>
				<Delphi.Personality>
					<Parameters/>
					<VersionInfo>
						<VersionInfo Name="IncludeVerInfo">False</VersionInfo>
						<VersionInfo Name="AutoIncBuild">False</VersionInfo>
						<VersionInfo Name="MajorVer">1</VersionInfo>
						<VersionInfo Name="MinorVer">0</VersionInfo>
						<VersionInfo Name="Release">0</VersionInfo>
						<VersionInfo Name="Build">0</VersionInfo>
						<VersionInfo Name="Debug">False</VersionInfo>
						<VersionInfo Name="PreRelease">False</VersionInfo>
						<VersionInfo Name="Special">False</VersionInfo>
						<VersionInfo Name="Private">False</VersionInfo>
						<VersionInfo Name="DLL">False</VersionInfo>
						<VersionInfo Name="Locale">1043</VersionInfo>
						<VersionInfo Name="CodePage">1252</VersionInfo>
					</VersionInfo>
					<VersionInfoKeys>
						<VersionInfoKeys Name="CompanyName"/>
						<VersionInfoKeys Name="FileDescription"/>
						<VersionInfoKeys Name="FileVersion">1.0.0.0</VersionInfoKeys>
						<VersionInfoKeys Name="InternalName"/>
						<VersionInfoKeys Name="LegalCopyright"/>
						<VersionInfoKeys Name="LegalTrademarks"/>
						<VersionInfoKeys Name="OriginalFilename"/>
						<VersionInfoKeys Name="ProductName"/>
						<VersionInfoKeys Name="ProductVersion">1.0.0.0</VersionInfoKeys>
						<VersionInfoKeys Name="Comments"/>
					</VersionInfoKeys>
					<Source>
						<Source Name="MainSource">MSC_Demo.dpr</Source>
					</Source>
					<Excluded_Packages>
						<Excluded_Packages Name="$(BDSBIN)\dcloffice2k120.bpl">Microsoft Office 2000 Sample Automation Server Wrapper Components</Excluded_Packages>
						<Excluded_Packages Name="$(BDSBIN)\dclofficexp120.bpl">Microsoft Office XP Sample Automation Server Wrapper Components</Excluded_Packages>
					</Excluded_Packages>
				</Delphi.Personality>
				<Platforms>
					<Platform value="Win32">True</Platform>
				</Platforms>
			</BorlandProject>
			<ProjectFileVersion>12</ProjectFileVersion>
		</ProjectExtensions>
	</Project>
